
Microsoft Visual Studio Solution File, Format Version 12.00
# Visual Studio Version 17
VisualStudioVersion = 17.6.33829.357
MinimumVisualStudioVersion = 10.0.40219.1
Project("{FAE04EC0-301F-11D3-BF4B-00C04F79EFBC}") = "Student Quiz Management", "Student Quiz Management\Student Quiz Management.csproj", "{14815C82-3261-4A79-B2EA-6F2AD3E5AFC7}"
EndProject
Global
	GlobalSection(SolutionConfigurationPlatforms) = preSolution
		Debug|Any CPU = Debug|Any CPU
		Release|Any CPU = Release|Any CPU
	EndGlobalSection
	GlobalSection(ProjectConfigurationPlatforms) = postSolution
		{14815C82-3261-4A79-B2EA-6F2AD3E5AFC7}.Debug|Any CPU.ActiveCfg = Debug|Any CPU
		{14815C82-3261-4A79-B2EA-6F2AD3E5AFC7}.Debug|Any CPU.Build.0 = Debug|Any CPU
		{14815C82-3261-4A79-B2EA-6F2AD3E5AFC7}.Release|Any CPU.ActiveCfg = Release|Any CPU
		{14815C82-3261-4A79-B2EA-6F2AD3E5AFC7}.Release|Any CPU.Build.0 = Release|Any CPU
	EndGlobalSection
	GlobalSection(SolutionProperties) = preSolution
		HideSolutionNode = FALSE
	EndGlobalSection
	GlobalSection(ExtensibilityGlobals) = postSolution
		SolutionGuid = {39C6C95D-F8FC-4ECA-A45D-C26564183D64}
	EndGlobalSection
EndGlobal
